<?xml version="1.0" encoding="utf-8"?>
<Project ToolsVersion="4.0" xmlns="http://schemas.microsoft.com/developer/msbuild/2003">
  <ItemGroup>
    <Filter Include="include">
      <UniqueIdentifier>{932365f3-4532-44c9-be9b-aec473382c7c}</UniqueIdentifier>
    </Filter>
    <Filter Include="src">
      <UniqueIdentifier>{81c35d26-2550-4104-985f-18c092903c28}</UniqueIdentifier>
    </Filter>
    <Filter Include="src\shader">
      <UniqueIdentifier>{97c451c4-c340-45c7-bc40-7d018cbce361}</UniqueIdentifier>
    </Filter>
    <Filter Include="src\shader\particle">
      <UniqueIdentifier>{2e8527eb-bc76-47b8-af96-5ed8a105491e}</UniqueIdentifier>
    </Filter>
    <Filter Include="src\shader\fluid">
      <UniqueIdentifier>{b009f995-002d-422f-a7de-09b1a8ca4d7e}</UniqueIdentifier>
    </Filter>
  </ItemGroup>
  <ItemGroup>
    <None Include="..\..\src\vkpbd\shader\particle\add_uniform_grid.comp">
      <Filter>src\shader\particle</Filter>
    </None>
    <None Include="..\..\src\vkpbd\shader\particle\collision_detection.comp">
      <Filter>src\shader\particle</Filter>
    </None>
    <None Include="..\..\src\vkpbd\shader\particle\forward.comp">
      <Filter>src\shader\particle</Filter>
    </None>
    <None Include="..\..\src\vkpbd\shader\particle\initialize_collision_detection.comp">
      <Filter>src\shader\particle</Filter>
    </None>
    <None Include="..\..\src\vkpbd\shader\particle\initialize_dispatch.comp">
      <Filter>src\shader\particle</Filter>
    </None>
    <None Include="..\..\src\vkpbd\shader\particle\initialize_solver.comp">
      <Filter>src\shader\particle</Filter>
    </None>
    <None Include="..\..\src\vkpbd\shader\particle\initialize_uniform_grid.comp">
      <Filter>src\shader\particle</Filter>
    </None>
    <None Include="..\..\src\vkpbd\shader\particle\solve_delta_lambda.comp">
      <Filter>src\shader\particle</Filter>
    </None>
    <None Include="..\..\src\vkpbd\shader\particle\solve_delta_x.comp">
      <Filter>src\shader\particle</Filter>
    </None>
    <None Include="..\..\src\vkpbd\shader\particle\solve_x_lambda.comp">
      <Filter>src\shader\particle</Filter>
    </None>
    <None Include="..\..\src\vkpbd\shader\particle\velocity_update.comp">
      <Filter>src\shader\particle</Filter>
    </None>
    <None Include="..\..\src\vkpbd\shader\particle\collision_pairs.glsl">
      <Filter>src\shader\particle</Filter>
    </None>
    <None Include="..\..\src\vkpbd\shader\particle\indirect.glsl">
      <Filter>src\shader\particle</Filter>
    </None>
    <None Include="..\..\src\vkpbd\shader\particle\particle.glsl">
      <Filter>src\shader\particle</Filter>
    </None>
    <None Include="..\..\src\vkpbd\shader\particle\simulation_params.glsl">
      <Filter>src\shader\particle</Filter>
    </None>
    <None Include="..\..\src\vkpbd\shader\particle\solver.glsl">
      <Filter>src\shader\particle</Filter>
    </None>
    <None Include="..\..\src\vkpbd\shader\particle\uniform_grid.glsl">
      <Filter>src\shader\particle</Filter>
    </None>
    <None Include="..\..\src\vkpbd\shader\fluid\add_uniform_grid.comp">
      <Filter>src\shader\fluid</Filter>
    </None>
    <None Include="..\..\src\vkpbd\shader\fluid\neighbor_search.comp">
      <Filter>src\shader\fluid</Filter>
    </None>
    <None Include="..\..\src\vkpbd\shader\fluid\neighbors.glsl">
      <Filter>src\shader\fluid</Filter>
    </None>
    <None Include="..\..\src\vkpbd\shader\fluid\forward.comp">
      <Filter>src\shader\fluid</Filter>
    </None>
    <None Include="..\..\src\vkpbd\shader\fluid\initialize_neighbor_search.comp">
      <Filter>src\shader\fluid</Filter>
    </None>
    <None Include="..\..\src\vkpbd\shader\fluid\initialize_uniform_grid.comp">
      <Filter>src\shader\fluid</Filter>
    </None>
    <None Include="..\..\src\vkpbd\shader\fluid\particle.glsl">
      <Filter>src\shader\fluid</Filter>
    </None>
    <None Include="..\..\src\vkpbd\shader\fluid\fluid_simulation_params.glsl">
      <Filter>src\shader\fluid</Filter>
    </None>
    <None Include="..\..\src\vkpbd\shader\fluid\uniform_grid.glsl">
      <Filter>src\shader\fluid</Filter>
    </None>
    <None Include="..\..\src\vkpbd\shader\fluid\velocity_update.comp">
      <Filter>src\shader\fluid</Filter>
    </None>
    <None Include="..\..\src\vkpbd\shader\fluid\solver.glsl">
      <Filter>src\shader\fluid</Filter>
    </None>
    <None Include="..\..\src\vkpbd\shader\fluid\kernel.glsl">
      <Filter>src\shader\fluid</Filter>
    </None>
    <None Include="..\..\src\vkpbd\shader\fluid\initialize_solver.comp">
      <Filter>src\shader\fluid</Filter>
    </None>
    <None Include="..\..\src\vkpbd\shader\fluid\compute_density.comp">
      <Filter>src\shader\fluid</Filter>
    </None>
    <None Include="..\..\src\vkpbd\shader\fluid\solve_density.comp">
      <Filter>src\shader\fluid</Filter>
    </None>
    <None Include="..\..\src\vkpbd\shader\fluid\color.glsl">
      <Filter>src\shader\fluid</Filter>
    </None>
    <None Include="..\..\src\vkpbd\shader\fluid\update_position.comp">
      <Filter>src\shader\fluid</Filter>
    </None>
    <None Include="..\..\src\vkpbd\shader\fluid\solve_viscosity.comp">
      <Filter>src\shader\fluid</Filter>
    </None>
    <None Include="..\..\src\vkpbd\shader\fluid\update_viscosity.comp">
      <Filter>src\shader\fluid</Filter>
    </None>
    <None Include="..\..\src\vkpbd\shader\fluid\initialize_boundary.comp">
      <Filter>src\shader\fluid</Filter>
    </None>
  </ItemGroup>
  <ItemGroup>
    <ClInclude Include="..\..\include\vkpbd\particle.h">
      <Filter>include</Filter>
    </ClInclude>
    <ClInclude Include="..\..\include\vkpbd\simulation_params.h">
      <Filter>include</Filter>
    </ClInclude>
    <ClInclude Include="..\..\include\vkpbd\vkpbd.hpp">
      <Filter>include</Filter>
    </ClInclude>
    <ClInclude Include="..\..\include\vkpbd\fluid_particle.h">
      <Filter>include</Filter>
    </ClInclude>
    <ClInclude Include="..\..\include\vkpbd\fluid_simulator.hpp">
      <Filter>include</Filter>
    </ClInclude>
    <ClInclude Include="..\..\include\vkpbd\fluid_simulation_params.h">
      <Filter>include</Filter>
    </ClInclude>
    <ClInclude Include="..\..\include\vkpbd\particle_simulator.hpp">
      <Filter>include</Filter>
    </ClInclude>
    <ClInclude Include="..\..\include\vkpbd\buffer_requirements.h">
      <Filter>include</Filter>
    </ClInclude>
  </ItemGroup>
  <ItemGroup>
    <ClCompile Include="..\..\src\vkpbd\particle_simulator.cc">
      <Filter>src</Filter>
    </ClCompile>
    <ClCompile Include="..\..\src\vkpbd\fluid_simulator.cc">
      <Filter>src</Filter>
    </ClCompile>
  </ItemGroup>
</Project>