<?xml version="1.0" encoding="utf-8"?>
<Project ToolsVersion="4.0" xmlns="http://schemas.microsoft.com/developer/msbuild/2003">
  <ItemGroup>
    <Filter Include="src">
      <UniqueIdentifier>{1e968214-565a-4588-81da-97b8006dee6c}</UniqueIdentifier>
    </Filter>
    <Filter Include="src\superlucent">
      <UniqueIdentifier>{f9857301-319e-440d-bc06-7b7dbac289b6}</UniqueIdentifier>
    </Filter>
    <Filter Include="src\superlucent\shader">
      <UniqueIdentifier>{2ee0c52c-efe0-4002-83f3-fcecfca9e031}</UniqueIdentifier>
    </Filter>
    <Filter Include="src\superlucent\scene">
      <UniqueIdentifier>{bd22a472-9c63-4a13-89e0-31deb35d7d1a}</UniqueIdentifier>
    </Filter>
    <Filter Include="src\superlucent\shader\core">
      <UniqueIdentifier>{bf738e4b-f2f6-471a-a94b-2362cfe568bf}</UniqueIdentifier>
    </Filter>
    <Filter Include="src\superlucent\utils">
      <UniqueIdentifier>{bea198d4-a006-4f32-95c7-d6cbc26d476f}</UniqueIdentifier>
    </Filter>
    <Filter Include="src\superlucent\engine">
      <UniqueIdentifier>{1eaad613-bc67-464d-9b99-5cd4fd02d1f4}</UniqueIdentifier>
    </Filter>
    <Filter Include="src\superlucent\engine\ubo">
      <UniqueIdentifier>{61dfbf17-c314-44a1-b534-77768580bcc3}</UniqueIdentifier>
    </Filter>
    <Filter Include="src\superlucent\shader\uniform_grid">
      <UniqueIdentifier>{0376c1f7-1adf-4bb3-86f9-ba8804d609e7}</UniqueIdentifier>
    </Filter>
    <Filter Include="src\superlucent\shader\rendering">
      <UniqueIdentifier>{d1617805-fd97-45bb-bb1a-8223322c7884}</UniqueIdentifier>
    </Filter>
    <Filter Include="src\superlucent\geometry">
      <UniqueIdentifier>{51f71da0-17b9-4704-b53f-1a094649b62d}</UniqueIdentifier>
    </Filter>
    <Filter Include="src\vkpbd">
      <UniqueIdentifier>{76f6c342-53f9-452f-8f1b-9d8d256c6d4f}</UniqueIdentifier>
    </Filter>
    <Filter Include="src\vkpbd\shader">
      <UniqueIdentifier>{dbbf67f4-29fa-430d-844f-6b29657a8153}</UniqueIdentifier>
    </Filter>
    <Filter Include="src\vkpbd\shader\particle">
      <UniqueIdentifier>{27c2cd7c-17d4-45d4-9555-d9b39479cb45}</UniqueIdentifier>
    </Filter>
  </ItemGroup>
  <ItemGroup>
    <ClCompile Include="..\..\src\main.cc">
      <Filter>src\superlucent</Filter>
    </ClCompile>
    <ClCompile Include="..\..\src\superlucent\application.cc">
      <Filter>src\superlucent</Filter>
    </ClCompile>
    <ClCompile Include="..\..\src\superlucent\scene\camera.cc">
      <Filter>src\superlucent\scene</Filter>
    </ClCompile>
    <ClCompile Include="..\..\src\superlucent\scene\camera_control.cc">
      <Filter>src\superlucent\scene</Filter>
    </ClCompile>
    <ClCompile Include="..\..\src\superlucent\utils\rng.cc">
      <Filter>src\superlucent\utils</Filter>
    </ClCompile>
    <ClCompile Include="..\..\src\superlucent\engine\engine.cc">
      <Filter>src\superlucent\engine</Filter>
    </ClCompile>
    <ClCompile Include="..\..\src\superlucent\engine\particle_renderer.cc">
      <Filter>src\superlucent\engine</Filter>
    </ClCompile>
    <ClCompile Include="..\..\src\superlucent\engine\uniform_buffer.cc">
      <Filter>src\superlucent\engine</Filter>
    </ClCompile>
    <ClCompile Include="..\..\src\superlucent\geometry\mesh.cc">
      <Filter>src\superlucent\geometry</Filter>
    </ClCompile>
    <ClCompile Include="..\..\src\superlucent\geometry\mesh_loader.cc">
      <Filter>src\superlucent\geometry</Filter>
    </ClCompile>
    <ClCompile Include="..\..\src\superlucent\geometry\tetragrid.cc">
      <Filter>src\superlucent\geometry</Filter>
    </ClCompile>
  </ItemGroup>
  <ItemGroup>
    <ClInclude Include="..\..\src\superlucent\application.h">
      <Filter>src\superlucent</Filter>
    </ClInclude>
    <ClInclude Include="..\..\src\superlucent\scene\camera.h">
      <Filter>src\superlucent\scene</Filter>
    </ClInclude>
    <ClInclude Include="..\..\src\superlucent\scene\camera_control.h">
      <Filter>src\superlucent\scene</Filter>
    </ClInclude>
    <ClInclude Include="..\..\src\superlucent\scene\light.h">
      <Filter>src\superlucent\scene</Filter>
    </ClInclude>
    <ClInclude Include="..\..\src\superlucent\shader\core\light.glsl">
      <Filter>src\superlucent\shader\core</Filter>
    </ClInclude>
    <ClInclude Include="..\..\src\superlucent\utils\rng.h">
      <Filter>src\superlucent\utils</Filter>
    </ClInclude>
    <ClInclude Include="..\..\src\superlucent\engine\engine.h">
      <Filter>src\superlucent\engine</Filter>
    </ClInclude>
    <ClInclude Include="..\..\src\superlucent\engine\particle_renderer.h">
      <Filter>src\superlucent\engine</Filter>
    </ClInclude>
    <ClInclude Include="..\..\src\superlucent\engine\ubo\camera_ubo.h">
      <Filter>src\superlucent\engine\ubo</Filter>
    </ClInclude>
    <ClInclude Include="..\..\src\superlucent\engine\ubo\light_ubo.h">
      <Filter>src\superlucent\engine\ubo</Filter>
    </ClInclude>
    <ClInclude Include="..\..\src\superlucent\engine\uniform_buffer.h">
      <Filter>src\superlucent\engine</Filter>
    </ClInclude>
    <ClInclude Include="..\..\src\superlucent\geometry\mesh.h">
      <Filter>src\superlucent\geometry</Filter>
    </ClInclude>
    <ClInclude Include="..\..\src\superlucent\geometry\mesh_loader.h">
      <Filter>src\superlucent\geometry</Filter>
    </ClInclude>
    <ClInclude Include="..\..\src\superlucent\geometry\tetragrid.h">
      <Filter>src\superlucent\geometry</Filter>
    </ClInclude>
    <ClInclude Include="..\..\src\vkpbd\particle.h">
      <Filter>src\vkpbd</Filter>
    </ClInclude>
    <ClInclude Include="..\..\src\vkpbd\simulation_params.h">
      <Filter>src\vkpbd</Filter>
    </ClInclude>
    <ClInclude Include="..\..\src\vkpbd\vkpbd.hpp">
      <Filter>src\vkpbd</Filter>
    </ClInclude>
  </ItemGroup>
  <ItemGroup>
    <None Include="..\..\src\superlucent\shader\uniform_grid\uniform_grid.glsl">
      <Filter>src\superlucent\shader\uniform_grid</Filter>
    </None>
    <None Include="..\..\src\superlucent\shader\rendering\cell_sphere.frag">
      <Filter>src\superlucent\shader\rendering</Filter>
    </None>
    <None Include="..\..\src\superlucent\shader\rendering\cell_sphere.vert">
      <Filter>src\superlucent\shader\rendering</Filter>
    </None>
    <None Include="..\..\src\superlucent\shader\rendering\floor.frag">
      <Filter>src\superlucent\shader\rendering</Filter>
    </None>
    <None Include="..\..\src\superlucent\shader\rendering\floor.vert">
      <Filter>src\superlucent\shader\rendering</Filter>
    </None>
    <None Include="..\..\src\vkpbd\shader\particle\add_uniform_grid.comp">
      <Filter>src\vkpbd\shader\particle</Filter>
    </None>
    <None Include="..\..\src\vkpbd\shader\particle\collision_detection.comp">
      <Filter>src\vkpbd\shader\particle</Filter>
    </None>
    <None Include="..\..\src\vkpbd\shader\particle\forward.comp">
      <Filter>src\vkpbd\shader\particle</Filter>
    </None>
    <None Include="..\..\src\vkpbd\shader\particle\initialize_collision_detection.comp">
      <Filter>src\vkpbd\shader\particle</Filter>
    </None>
    <None Include="..\..\src\vkpbd\shader\particle\initialize_dispatch.comp">
      <Filter>src\vkpbd\shader\particle</Filter>
    </None>
    <None Include="..\..\src\vkpbd\shader\particle\initialize_solver.comp">
      <Filter>src\vkpbd\shader\particle</Filter>
    </None>
    <None Include="..\..\src\vkpbd\shader\particle\initialize_uniform_grid.comp">
      <Filter>src\vkpbd\shader\particle</Filter>
    </None>
    <None Include="..\..\src\vkpbd\shader\particle\solve_delta_lambda.comp">
      <Filter>src\vkpbd\shader\particle</Filter>
    </None>
    <None Include="..\..\src\vkpbd\shader\particle\solve_delta_x.comp">
      <Filter>src\vkpbd\shader\particle</Filter>
    </None>
    <None Include="..\..\src\vkpbd\shader\particle\solve_x_lambda.comp">
      <Filter>src\vkpbd\shader\particle</Filter>
    </None>
    <None Include="..\..\src\vkpbd\shader\particle\velocity_update.comp">
      <Filter>src\vkpbd\shader\particle</Filter>
    </None>
    <None Include="..\..\src\vkpbd\shader\particle\collision_pairs.glsl">
      <Filter>src\vkpbd\shader\particle</Filter>
    </None>
    <None Include="..\..\src\vkpbd\shader\particle\indirect.glsl">
      <Filter>src\vkpbd\shader\particle</Filter>
    </None>
    <None Include="..\..\src\vkpbd\shader\particle\particle.glsl">
      <Filter>src\vkpbd\shader\particle</Filter>
    </None>
    <None Include="..\..\src\vkpbd\shader\particle\simulation_params.glsl">
      <Filter>src\vkpbd\shader\particle</Filter>
    </None>
    <None Include="..\..\src\vkpbd\shader\particle\solver.glsl">
      <Filter>src\vkpbd\shader\particle</Filter>
    </None>
    <None Include="..\..\src\vkpbd\shader\particle\uniform_grid.glsl">
      <Filter>src\vkpbd\shader\particle</Filter>
    </None>
    <None Include="..\..\src\compile_shader.py">
      <Filter>src</Filter>
    </None>
  </ItemGroup>
</Project>