<?xml version="1.0" encoding="utf-8"?>
<Project ToolsVersion="4.0" xmlns="http://schemas.microsoft.com/developer/msbuild/2003">
  <ItemGroup>
    <Filter Include="src">
      <UniqueIdentifier>{1e968214-565a-4588-81da-97b8006dee6c}</UniqueIdentifier>
    </Filter>
    <Filter Include="src\superlucent">
      <UniqueIdentifier>{f9857301-319e-440d-bc06-7b7dbac289b6}</UniqueIdentifier>
    </Filter>
    <Filter Include="src\superlucent\shader">
      <UniqueIdentifier>{2ee0c52c-efe0-4002-83f3-fcecfca9e031}</UniqueIdentifier>
    </Filter>
    <Filter Include="src\superlucent\scene">
      <UniqueIdentifier>{bd22a472-9c63-4a13-89e0-31deb35d7d1a}</UniqueIdentifier>
    </Filter>
    <Filter Include="src\superlucent\shader\core">
      <UniqueIdentifier>{bf738e4b-f2f6-471a-a94b-2362cfe568bf}</UniqueIdentifier>
    </Filter>
    <Filter Include="src\superlucent\shader\particle">
      <UniqueIdentifier>{82520e49-8978-4bb9-afcc-f1c7a31ef3ce}</UniqueIdentifier>
    </Filter>
    <Filter Include="src\superlucent\utils">
      <UniqueIdentifier>{bea198d4-a006-4f32-95c7-d6cbc26d476f}</UniqueIdentifier>
    </Filter>
    <Filter Include="src\superlucent\engine">
      <UniqueIdentifier>{1eaad613-bc67-464d-9b99-5cd4fd02d1f4}</UniqueIdentifier>
    </Filter>
    <Filter Include="src\superlucent\engine\ubo">
      <UniqueIdentifier>{61dfbf17-c314-44a1-b534-77768580bcc3}</UniqueIdentifier>
    </Filter>
    <Filter Include="src\superlucent\engine\data">
      <UniqueIdentifier>{7df2aa14-0d81-4b79-8785-5bdef34e7d5c}</UniqueIdentifier>
    </Filter>
  </ItemGroup>
  <ItemGroup>
    <ClCompile Include="..\..\src\main.cc">
      <Filter>src\superlucent</Filter>
    </ClCompile>
    <ClCompile Include="..\..\src\superlucent\application.cc">
      <Filter>src\superlucent</Filter>
    </ClCompile>
    <ClCompile Include="..\..\src\superlucent\scene\camera.cc">
      <Filter>src\superlucent\scene</Filter>
    </ClCompile>
    <ClCompile Include="..\..\src\superlucent\scene\camera_control.cc">
      <Filter>src\superlucent\scene</Filter>
    </ClCompile>
    <ClCompile Include="..\..\src\superlucent\utils\rng.cc">
      <Filter>src\superlucent\utils</Filter>
    </ClCompile>
    <ClCompile Include="..\..\src\superlucent\engine\particle_simulation.cc">
      <Filter>src\superlucent\engine</Filter>
    </ClCompile>
    <ClCompile Include="..\..\src\superlucent\engine\engine.cc">
      <Filter>src\superlucent\engine</Filter>
    </ClCompile>
    <ClCompile Include="..\..\src\superlucent\engine\particle_renderer.cc">
      <Filter>src\superlucent\engine</Filter>
    </ClCompile>
    <ClCompile Include="..\..\src\superlucent\engine\uniform_buffer.cc">
      <Filter>src\superlucent\engine</Filter>
    </ClCompile>
  </ItemGroup>
  <ItemGroup>
    <ClInclude Include="..\..\src\superlucent\application.h">
      <Filter>src\superlucent</Filter>
    </ClInclude>
    <ClInclude Include="..\..\src\superlucent\scene\camera.h">
      <Filter>src\superlucent\scene</Filter>
    </ClInclude>
    <ClInclude Include="..\..\src\superlucent\scene\camera_control.h">
      <Filter>src\superlucent\scene</Filter>
    </ClInclude>
    <ClInclude Include="..\..\src\superlucent\scene\light.h">
      <Filter>src\superlucent\scene</Filter>
    </ClInclude>
    <ClInclude Include="..\..\src\superlucent\shader\core\light.h">
      <Filter>src\superlucent\shader\core</Filter>
    </ClInclude>
    <ClInclude Include="..\..\src\superlucent\shader\particle\collision_pairs.glsl">
      <Filter>src\superlucent\shader\particle</Filter>
    </ClInclude>
    <ClInclude Include="..\..\src\superlucent\shader\particle\particle.glsl">
      <Filter>src\superlucent\shader\particle</Filter>
    </ClInclude>
    <ClInclude Include="..\..\src\superlucent\shader\particle\simulation_params.glsl">
      <Filter>src\superlucent\shader\particle</Filter>
    </ClInclude>
    <ClInclude Include="..\..\src\superlucent\shader\particle\solver.glsl">
      <Filter>src\superlucent\shader\particle</Filter>
    </ClInclude>
    <ClInclude Include="..\..\src\superlucent\shader\particle\indirect.glsl">
      <Filter>src\superlucent\shader\particle</Filter>
    </ClInclude>
    <ClInclude Include="..\..\src\superlucent\shader\particle\uniform_grid.glsl">
      <Filter>src\superlucent\shader\particle</Filter>
    </ClInclude>
    <ClInclude Include="..\..\src\superlucent\utils\rng.h">
      <Filter>src\superlucent\utils</Filter>
    </ClInclude>
    <ClInclude Include="..\..\src\superlucent\engine\particle_simulation.h">
      <Filter>src\superlucent\engine</Filter>
    </ClInclude>
    <ClInclude Include="..\..\src\superlucent\engine\engine.h">
      <Filter>src\superlucent\engine</Filter>
    </ClInclude>
    <ClInclude Include="..\..\src\superlucent\engine\particle_renderer.h">
      <Filter>src\superlucent\engine</Filter>
    </ClInclude>
    <ClInclude Include="..\..\src\superlucent\engine\ubo\camera_ubo.h">
      <Filter>src\superlucent\engine\ubo</Filter>
    </ClInclude>
    <ClInclude Include="..\..\src\superlucent\engine\ubo\light_ubo.h">
      <Filter>src\superlucent\engine\ubo</Filter>
    </ClInclude>
    <ClInclude Include="..\..\src\superlucent\engine\uniform_buffer.h">
      <Filter>src\superlucent\engine</Filter>
    </ClInclude>
    <ClInclude Include="..\..\src\superlucent\engine\data\particle.h">
      <Filter>src\superlucent\engine\data</Filter>
    </ClInclude>
    <ClInclude Include="..\..\src\superlucent\engine\ubo\simulation_params.h">
      <Filter>src\superlucent\engine\ubo</Filter>
    </ClInclude>
  </ItemGroup>
  <ItemGroup>
    <None Include="..\..\src\superlucent\shader\.gitignore">
      <Filter>src\superlucent\shader</Filter>
    </None>
    <None Include="..\..\src\superlucent\shader\compile.py">
      <Filter>src\superlucent\shader</Filter>
    </None>
    <None Include="..\..\src\superlucent\shader\floor.frag">
      <Filter>src\superlucent\shader</Filter>
    </None>
    <None Include="..\..\src\superlucent\shader\floor.vert">
      <Filter>src\superlucent\shader</Filter>
    </None>
    <None Include="..\..\src\superlucent\shader\cell_sphere.vert">
      <Filter>src\superlucent\shader</Filter>
    </None>
    <None Include="..\..\src\superlucent\shader\cell_sphere.frag">
      <Filter>src\superlucent\shader</Filter>
    </None>
    <None Include="..\..\src\superlucent\shader\particle_forward.comp">
      <Filter>src\superlucent\shader</Filter>
    </None>
    <None Include="..\..\src\superlucent\shader\particle_velocity_update.comp">
      <Filter>src\superlucent\shader</Filter>
    </None>
    <None Include="..\..\src\superlucent\shader\particle_collision_detection.comp">
      <Filter>src\superlucent\shader</Filter>
    </None>
    <None Include="..\..\src\superlucent\shader\particle_initialize_collision_detection.comp">
      <Filter>src\superlucent\shader</Filter>
    </None>
    <None Include="..\..\src\superlucent\shader\particle_solve_delta_lambda.comp">
      <Filter>src\superlucent\shader</Filter>
    </None>
    <None Include="..\..\src\superlucent\shader\particle_initialize_solver.comp">
      <Filter>src\superlucent\shader</Filter>
    </None>
    <None Include="..\..\src\superlucent\shader\particle_solve_delta_x.comp">
      <Filter>src\superlucent\shader</Filter>
    </None>
    <None Include="..\..\src\superlucent\shader\particle_solve_x_lambda.comp">
      <Filter>src\superlucent\shader</Filter>
    </None>
    <None Include="..\..\src\superlucent\shader\particle_initialize_dispatch.comp">
      <Filter>src\superlucent\shader</Filter>
    </None>
    <None Include="..\..\src\superlucent\shader\particle_add_uniform_grid.comp">
      <Filter>src\superlucent\shader</Filter>
    </None>
    <None Include="..\..\src\superlucent\shader\particle_initialize_uniform_grid.comp">
      <Filter>src\superlucent\shader</Filter>
    </None>
  </ItemGroup>
</Project>