
Microsoft Visual Studio Solution File, Format Version 12.00
# Visual Studio Version 16
VisualStudioVersion = 16.0.31105.61
MinimumVisualStudioVersion = 10.0.40219.1
Project("{8BC9CEB8-8B4A-11D0-8D11-00A0C91BC942}") = "superlucent", "superlucent\superlucent.vcxproj", "{43B1C56F-66FC-49C1-98E7-AE80EE90ABEC}"
	ProjectSection(ProjectDependencies) = postProject
		{BC386560-034E-4DDD-82FA-B4B1D5D85BC6} = {BC386560-034E-4DDD-82FA-B4B1D5D85BC6}
		{D2FE3FF7-EF14-446A-BD82-74E8C59B5509} = {D2FE3FF7-EF14-446A-BD82-74E8C59B5509}
	EndProjectSection
EndProject
Project("{2150E333-8FDC-42A3-9474-1A3956D46DE8}") = "editor", "editor", "{CAC75537-1E98-45E7-A016-5C7A344C4D54}"
	ProjectSection(SolutionItems) = preProject
		..\.editorconfig = ..\.editorconfig
	EndProjectSection
EndProject
Project("{2150E333-8FDC-42A3-9474-1A3956D46DE8}") = "git", "git", "{38AACBBB-C635-4C13-AB29-D9E734EF9527}"
	ProjectSection(SolutionItems) = preProject
		..\.gitignore = ..\.gitignore
		..\README.md = ..\README.md
	EndProjectSection
EndProject
Project("{2150E333-8FDC-42A3-9474-1A3956D46DE8}") = "notes", "notes", "{35A73AD5-DCFD-4AA5-BEA0-E71BF0165B92}"
	ProjectSection(SolutionItems) = preProject
		..\notes\README.md = ..\notes\README.md
	EndProjectSection
EndProject
Project("{8BC9CEB8-8B4A-11D0-8D11-00A0C91BC942}") = "vkpbd", "vkpbd\vkpbd.vcxproj", "{D2FE3FF7-EF14-446A-BD82-74E8C59B5509}"
EndProject
Project("{8BC9CEB8-8B4A-11D0-8D11-00A0C91BC942}") = "vkovr", "vkovr\vkovr.vcxproj", "{BC386560-034E-4DDD-82FA-B4B1D5D85BC6}"
EndProject
Global
	GlobalSection(SolutionConfigurationPlatforms) = preSolution
		Debug|x64 = Debug|x64
		Debug|x86 = Debug|x86
		Release|x64 = Release|x64
		Release|x86 = Release|x86
	EndGlobalSection
	GlobalSection(ProjectConfigurationPlatforms) = postSolution
		{43B1C56F-66FC-49C1-98E7-AE80EE90ABEC}.Debug|x64.ActiveCfg = Debug|x64
		{43B1C56F-66FC-49C1-98E7-AE80EE90ABEC}.Debug|x64.Build.0 = Debug|x64
		{43B1C56F-66FC-49C1-98E7-AE80EE90ABEC}.Debug|x86.ActiveCfg = Debug|Win32
		{43B1C56F-66FC-49C1-98E7-AE80EE90ABEC}.Debug|x86.Build.0 = Debug|Win32
		{43B1C56F-66FC-49C1-98E7-AE80EE90ABEC}.Release|x64.ActiveCfg = Release|x64
		{43B1C56F-66FC-49C1-98E7-AE80EE90ABEC}.Release|x64.Build.0 = Release|x64
		{43B1C56F-66FC-49C1-98E7-AE80EE90ABEC}.Release|x86.ActiveCfg = Release|Win32
		{43B1C56F-66FC-49C1-98E7-AE80EE90ABEC}.Release|x86.Build.0 = Release|Win32
		{D2FE3FF7-EF14-446A-BD82-74E8C59B5509}.Debug|x64.ActiveCfg = Debug|x64
		{D2FE3FF7-EF14-446A-BD82-74E8C59B5509}.Debug|x64.Build.0 = Debug|x64
		{D2FE3FF7-EF14-446A-BD82-74E8C59B5509}.Debug|x86.ActiveCfg = Debug|Win32
		{D2FE3FF7-EF14-446A-BD82-74E8C59B5509}.Debug|x86.Build.0 = Debug|Win32
		{D2FE3FF7-EF14-446A-BD82-74E8C59B5509}.Release|x64.ActiveCfg = Release|x64
		{D2FE3FF7-EF14-446A-BD82-74E8C59B5509}.Release|x64.Build.0 = Release|x64
		{D2FE3FF7-EF14-446A-BD82-74E8C59B5509}.Release|x86.ActiveCfg = Release|Win32
		{D2FE3FF7-EF14-446A-BD82-74E8C59B5509}.Release|x86.Build.0 = Release|Win32
		{BC386560-034E-4DDD-82FA-B4B1D5D85BC6}.Debug|x64.ActiveCfg = Debug|x64
		{BC386560-034E-4DDD-82FA-B4B1D5D85BC6}.Debug|x64.Build.0 = Debug|x64
		{BC386560-034E-4DDD-82FA-B4B1D5D85BC6}.Debug|x86.ActiveCfg = Debug|Win32
		{BC386560-034E-4DDD-82FA-B4B1D5D85BC6}.Debug|x86.Build.0 = Debug|Win32
		{BC386560-034E-4DDD-82FA-B4B1D5D85BC6}.Release|x64.ActiveCfg = Release|x64
		{BC386560-034E-4DDD-82FA-B4B1D5D85BC6}.Release|x64.Build.0 = Release|x64
		{BC386560-034E-4DDD-82FA-B4B1D5D85BC6}.Release|x86.ActiveCfg = Release|Win32
		{BC386560-034E-4DDD-82FA-B4B1D5D85BC6}.Release|x86.Build.0 = Release|Win32
	EndGlobalSection
	GlobalSection(SolutionProperties) = preSolution
		HideSolutionNode = FALSE
	EndGlobalSection
	GlobalSection(NestedProjects) = preSolution
		{35A73AD5-DCFD-4AA5-BEA0-E71BF0165B92} = {38AACBBB-C635-4C13-AB29-D9E734EF9527}
	EndGlobalSection
	GlobalSection(ExtensibilityGlobals) = postSolution
		SolutionGuid = {E2346B71-25E5-46C0-9B36-C3F7BCF9C4A6}
	EndGlobalSection
EndGlobal
